// !$*UTF8*$!
{
	archiveVersion = 1;
	classes = {
	};
	objectVersion = 50;
	objects = {

/* Begin PBXBuildFile section */
		BD6F6C6F24B37C8500B07662 /* SwiftUIFormStyleProfileApp.swift in Sources */ = {isa = PBXBuildFile; fileRef = BD6F6C6E24B37C8500B07662 /* SwiftUIFormStyleProfileApp.swift */; };
		BD6F6C7124B37C8500B07662 /* ContentView.swift in Sources */ = {isa = PBXBuildFile; fileRef = BD6F6C7024B37C8500B07662 /* ContentView.swift */; };
		BD6F6C7324B37C8600B07662 /* Assets.xcassets in Resources */ = {isa = PBXBuildFile; fileRef = BD6F6C7224B37C8600B07662 /* Assets.xcassets */; };
		BD6F6C7624B37C8600B07662 /* Preview Assets.xcassets in Resources */ = {isa = PBXBuildFile; fileRef = BD6F6C7524B37C8600B07662 /* Preview Assets.xcassets */; };
		BD7E5AA724B3D23100475024 /* SettingsRow.swift in Sources */ = {isa = PBXBuildFile; fileRef = BD7E5AA624B3D23100475024 /* SettingsRow.swift */; };
		BD7E5AA924B3D56B00475024 /* FeedbackManager.swift in Sources */ = {isa = PBXBuildFile; fileRef = BD7E5AA824B3D56B00475024 /* FeedbackManager.swift */; };
		BD7E5AAB24B3D59200475024 /* extension+View.swift in Sources */ = {isa = PBXBuildFile; fileRef = BD7E5AAA24B3D59200475024 /* extension+View.swift */; };
/* End PBXBuildFile section */

/* Begin PBXFileReference section */
		BD6F6C6B24B37C8500B07662 /* SwiftUIFormStyleProfile.app */ = {isa = PBXFileReference; explicitFileType = wrapper.application; includeInIndex = 0; path = SwiftUIFormStyleProfile.app; sourceTree = BUILT_PRODUCTS_DIR; };
		BD6F6C6E24B37C8500B07662 /* SwiftUIFormStyleProfileApp.swift */ = {isa = PBXFileReference; lastKnownFileType = sourcecode.swift; path = SwiftUIFormStyleProfileApp.swift; sourceTree = "<group>"; };
		BD6F6C7024B37C8500B07662 /* ContentView.swift */ = {isa = PBXFileReference; lastKnownFileType = sourcecode.swift; path = ContentView.swift; sourceTree = "<group>"; };
		BD6F6C7224B37C8600B07662 /* Assets.xcassets */ = {isa = PBXFileReference; lastKnownFileType = folder.assetcatalog; path = Assets.xcassets; sourceTree = "<group>"; };
		BD6F6C7524B37C8600B07662 /* Preview Assets.xcassets */ = {isa = PBXFileReference; lastKnownFileType = folder.assetcatalog; path = "Preview Assets.xcassets"; sourceTree = "<group>"; };
		BD6F6C7724B37C8600B07662 /* Info.plist */ = {isa = PBXFileReference; lastKnownFileType = text.plist.xml; path = Info.plist; sourceTree = "<group>"; };
		BD7E5AA624B3D23100475024 /* SettingsRow.swift */ = {isa = PBXFileReference; fileEncoding = 4; lastKnownFileType = sourcecode.swift; path = SettingsRow.swift; sourceTree = "<group>"; };
		BD7E5AA824B3D56B00475024 /* FeedbackManager.swift */ = {isa = PBXFileReference; fileEncoding = 4; lastKnownFileType = sourcecode.swift; path = FeedbackManager.swift; sourceTree = "<group>"; };
		BD7E5AAA24B3D59200475024 /* extension+View.swift */ = {isa = PBXFileReference; fileEncoding = 4; lastKnownFileType = sourcecode.swift; path = "extension+View.swift"; sourceTree = "<group>"; };
/* End PBXFileReference section */

/* Begin PBXFrameworksBuildPhase section */
		BD6F6C6824B37C8500B07662 /* Frameworks */ = {
			isa = PBXFrameworksBuildPhase;
			buildActionMask = 2147483647;
			files = (
			);
			runOnlyForDeploymentPostprocessing = 0;
		};
/* End PBXFrameworksBuildPhase section */

/* Begin PBXGroup section */
		BD6F6C6224B37C8500B07662 = {
			isa = PBXGroup;
			children = (
				BD6F6C6D24B37C8500B07662 /* SwiftUIFormStyleProfile */,
				BD6F6C6C24B37C8500B07662 /* Products */,
			);
			sourceTree = "<group>";
		};
		BD6F6C6C24B37C8500B07662 /* Products */ = {
			isa = PBXGroup;
			children = (
				BD6F6C6B24B37C8500B07662 /* SwiftUIFormStyleProfile.app */,
			);
			name = Products;
			sourceTree = "<group>";
		};
		BD6F6C6D24B37C8500B07662 /* SwiftUIFormStyleProfile */ = {
			isa = PBXGroup;
			children = (
				BD7E5AAA24B3D59200475024 /* extension+View.swift */,
				BD7E5AA824B3D56B00475024 /* FeedbackManager.swift */,
				BD6F6C6E24B37C8500B07662 /* SwiftUIFormStyleProfileApp.swift */,
				BD7E5AA624B3D23100475024 /* SettingsRow.swift */,
				BD6F6C7024B37C8500B07662 /* ContentView.swift */,
				BD6F6C7224B37C8600B07662 /* Assets.xcassets */,
				BD6F6C7724B37C8600B07662 /* Info.plist */,
				BD6F6C7424B37C8600B07662 /* Preview Content */,
			);
			path = SwiftUIFormStyleProfile;
			sourceTree = "<group>";
		};
		BD6F6C7424B37C8600B07662 /* Preview Content */ = {
			isa = PBXGroup;
			children = (
				BD6F6C7524B37C8600B07662 /* Preview Assets.xcassets */,
			);
			path = "Preview Content";
			sourceTree = "<group>";
		};
/* End PBXGroup section */

/* Begin PBXNativeTarget section */
		BD6F6C6A24B37C8500B07662 /* SwiftUIFormStyleProfile */ = {
			isa = PBXNativeTarget;
			buildConfigurationList = BD6F6C7A24B37C8600B07662 /* Build configuration list for PBXNativeTarget "SwiftUIFormStyleProfile" */;
			buildPhases = (
				BD6F6C6724B37C8500B07662 /* Sources */,
				BD6F6C6824B37C8500B07662 /* Frameworks */,
				BD6F6C6924B37C8500B07662 /* Resources */,
			);
			buildRules = (
			);
			dependencies = (
			);
			name = SwiftUIFormStyleProfile;
			productName = SwiftUIFormStyleProfile;
			productReference = BD6F6C6B24B37C8500B07662 /* SwiftUIFormStyleProfile.app */;
			productType = "com.apple.product-type.application";
		};
/* End PBXNativeTarget section */

/* Begin PBXProject section */
		BD6F6C6324B37C8500B07662 /* Project object */ = {
			isa = PBXProject;
			attributes = {
				LastSwiftUpdateCheck = 1200;
				LastUpgradeCheck = 1200;
				TargetAttributes = {
					BD6F6C6A24B37C8500B07662 = {
						CreatedOnToolsVersion = 12.0;
					};
				};
			};
			buildConfigurationList = BD6F6C6624B37C8500B07662 /* Build configuration list for PBXProject "SwiftUIFormStyleProfile" */;
			compatibilityVersion = "Xcode 9.3";
			developmentRegion = en;
			hasScannedForEncodings = 0;
			knownRegions = (
				en,
				Base,
			);
			mainGroup = BD6F6C6224B37C8500B07662;
			productRefGroup = BD6F6C6C24B37C8500B07662 /* Products */;
			projectDirPath = "";
			projectRoot = "";
			targets = (
				BD6F6C6A24B37C8500B07662 /* SwiftUIFormStyleProfile */,
			);
		};
/* End PBXProject section */

/* Begin PBXResourcesBuildPhase section */
		BD6F6C6924B37C8500B07662 /* Resources */ = {
			isa = PBXResourcesBuildPhase;
			buildActionMask = 2147483647;
			files = (
				BD6F6C7624B37C8600B07662 /* Preview Assets.xcassets in Resources */,
				BD6F6C7324B37C8600B07662 /* Assets.xcassets in Resources */,
			);
			runOnlyForDeploymentPostprocessing = 0;
		};
/* End PBXResourcesBuildPhase section */

/* Begin PBXSourcesBuildPhase section */
		BD6F6C6724B37C8500B07662 /* Sources */ = {
			isa = PBXSourcesBuildPhase;
			buildActionMask = 2147483647;
			files = (
				BD7E5AA924B3D56B00475024 /* FeedbackManager.swift in Sources */,
				BD7E5AAB24B3D59200475024 /* extension+View.swift in Sources */,
				BD6F6C7124B37C8500B07662 /* ContentView.swift in Sources */,
				BD6F6C6F24B37C8500B07662 /* SwiftUIFormStyleProfileApp.swift in Sources */,
				BD7E5AA724B3D23100475024 /* SettingsRow.swift in Sources */,
			);
			runOnlyForDeploymentPostprocessing = 0;
		};
/* End PBXSourcesBuildPhase section */

/* Begin XCBuildConfiguration section */
		BD6F6C7824B37C8600B07662 /* Debug */ = {
			isa = XCBuildConfiguration;
			buildSettings = {
				ALWAYS_SEARCH_USER_PATHS = NO;
				CLANG_ANALYZER_NONNULL = YES;
				CLANG_ANALYZER_NUMBER_OBJECT_CONVERSION = YES_AGGRESSIVE;
				CLANG_CXX_LANGUAGE_STANDARD = "gnu++14";
				CLANG_CXX_LIBRARY = "libc++";
				CLANG_ENABLE_MODULES = YES;
				CLANG_ENABLE_OBJC_ARC = YES;
				CLANG_ENABLE_OBJC_WEAK = YES;
				CLANG_WARN_BLOCK_CAPTURE_AUTORELEASING = YES;
				CLANG_WARN_BOOL_CONVERSION = YES;
				CLANG_WARN_COMMA = YES;
				CLANG_WARN_CONSTANT_CONVERSION = YES;
				CLANG_WARN_DEPRECATED_OBJC_IMPLEMENTATIONS = YES;
				CLANG_WARN_DIRECT_OBJC_ISA_USAGE = YES_ERROR;
				CLANG_WARN_DOCUMENTATION_COMMENTS = YES;
				CLANG_WARN_EMPTY_BODY = YES;
				CLANG_WARN_ENUM_CONVERSION = YES;
				CLANG_WARN_INFINITE_RECURSION = YES;
				CLANG_WARN_INT_CONVERSION = YES;
				CLANG_WARN_NON_LITERAL_NULL_CONVERSION = YES;
				CLANG_WARN_OBJC_IMPLICIT_RETAIN_SELF = YES;
				CLANG_WARN_OBJC_LITERAL_CONVERSION = YES;
				CLANG_WARN_OBJC_ROOT_CLASS = YES_ERROR;
				CLANG_WARN_QUOTED_INCLUDE_IN_FRAMEWORK_HEADER = YES;
				CLANG_WARN_RANGE_LOOP_ANALYSIS = YES;
				CLANG_WARN_STRICT_PROTOTYPES = YES;
				CLANG_WARN_SUSPICIOUS_MOVE = YES;
				CLANG_WARN_UNGUARDED_AVAILABILITY = YES_AGGRESSIVE;
				CLANG_WARN_UNREACHABLE_CODE = YES;
				CLANG_WARN__DUPLICATE_METHOD_MATCH = YES;
				COPY_PHASE_STRIP = NO;
				DEBUG_INFORMATION_FORMAT = dwarf;
				ENABLE_STRICT_OBJC_MSGSEND = YES;
				ENABLE_TESTABILITY = YES;
				GCC_C_LANGUAGE_STANDARD = gnu11;
				GCC_DYNAMIC_NO_PIC = NO;
				GCC_NO_COMMON_BLOCKS = YES;
				GCC_OPTIMIZATION_LEVEL = 0;
				GCC_PREPROCESSOR_DEFINITIONS = (
					"DEBUG=1",
					"$(inherited)",
				);
				GCC_WARN_64_TO_32_BIT_CONVERSION = YES;
				GCC_WARN_ABOUT_RETURN_TYPE = YES_ERROR;
				GCC_WARN_UNDECLARED_SELECTOR = YES;
				GCC_WARN_UNINITIALIZED_AUTOS = YES_AGGRESSIVE;
				GCC_WARN_UNUSED_FUNCTION = YES;
				GCC_WARN_UNUSED_VARIABLE = YES;
				IPHONEOS_DEPLOYMENT_TARGET = 14.0;
				MTL_ENABLE_DEBUG_INFO = INCLUDE_SOURCE;
				MTL_FAST_MATH = YES;
				ONLY_ACTIVE_ARCH = YES;
				SDKROOT = iphoneos;
				SWIFT_ACTIVE_COMPILATION_CONDITIONS = DEBUG;
				SWIFT_OPTIMIZATION_LEVEL = "-Onone";
			};
			name = Debug;
		};
		BD6F6C7924B37C8600B07662 /* Release */ = {
			isa = XCBuildConfiguration;
			buildSettings = {
				ALWAYS_SEARCH_USER_PATHS = NO;
				CLANG_ANALYZER_NONNULL = YES;
				CLANG_ANALYZER_NUMBER_OBJECT_CONVERSION = YES_AGGRESSIVE;
				CLANG_CXX_LANGUAGE_STANDARD = "gnu++14";
				CLANG_CXX_LIBRARY = "libc++";
				CLANG_ENABLE_MODULES = YES;
				CLANG_ENABLE_OBJC_ARC = YES;
				CLANG_ENABLE_OBJC_WEAK = YES;
				CLANG_WARN_BLOCK_CAPTURE_AUTORELEASING = YES;
				CLANG_WARN_BOOL_CONVERSION = YES;
				CLANG_WARN_COMMA = YES;
				CLANG_WARN_CONSTANT_CONVERSION = YES;
				CLANG_WARN_DEPRECATED_OBJC_IMPLEMENTATIONS = YES;
				CLANG_WARN_DIRECT_OBJC_ISA_USAGE = YES_ERROR;
				CLANG_WARN_DOCUMENTATION_COMMENTS = YES;
				CLANG_WARN_EMPTY_BODY = YES;
				CLANG_WARN_ENUM_CONVERSION = YES;
				CLANG_WARN_INFINITE_RECURSION = YES;
				CLANG_WARN_INT_CONVERSION = YES;
				CLANG_WARN_NON_LITERAL_NULL_CONVERSION = YES;
				CLANG_WARN_OBJC_IMPLICIT_RETAIN_SELF = YES;
				CLANG_WARN_OBJC_LITERAL_CONVERSION = YES;
				CLANG_WARN_OBJC_ROOT_CLASS = YES_ERROR;
				CLANG_WARN_QUOTED_INCLUDE_IN_FRAMEWORK_HEADER = YES;
				CLANG_WARN_RANGE_LOOP_ANALYSIS = YES;
				CLANG_WARN_STRICT_PROTOTYPES = YES;
				CLANG_WARN_SUSPICIOUS_MOVE = YES;
				CLANG_WARN_UNGUARDED_AVAILABILITY = YES_AGGRESSIVE;
				CLANG_WARN_UNREACHABLE_CODE = YES;
				CLANG_WARN__DUPLICATE_METHOD_MATCH = YES;
				COPY_PHASE_STRIP = NO;
				DEBUG_INFORMATION_FORMAT = "dwarf-with-dsym";
				ENABLE_NS_ASSERTIONS = NO;
				ENABLE_STRICT_OBJC_MSGSEND = YES;
				GCC_C_LANGUAGE_STANDARD = gnu11;
				GCC_NO_COMMON_BLOCKS = YES;
				GCC_WARN_64_TO_32_BIT_CONVERSION = YES;
				GCC_WARN_ABOUT_RETURN_TYPE = YES_ERROR;
				GCC_WARN_UNDECLARED_SELECTOR = YES;
				GCC_WARN_UNINITIALIZED_AUTOS = YES_AGGRESSIVE;
				GCC_WARN_UNUSED_FUNCTION = YES;
				GCC_WARN_UNUSED_VARIABLE = YES;
				IPHONEOS_DEPLOYMENT_TARGET = 14.0;
				MTL_ENABLE_DEBUG_INFO = NO;
				MTL_FAST_MATH = YES;
				SDKROOT = iphoneos;
				SWIFT_COMPILATION_MODE = wholemodule;
				SWIFT_OPTIMIZATION_LEVEL = "-O";
				VALIDATE_PRODUCT = YES;
			};
			name = Release;
		};
		BD6F6C7B24B37C8600B07662 /* Debug */ = {
			isa = XCBuildConfiguration;
			buildSettings = {
				ASSETCATALOG_COMPILER_APPICON_NAME = AppIcon;
				ASSETCATALOG_COMPILER_GLOBAL_ACCENT_COLOR_NAME = AccentColor;
				CODE_SIGN_STYLE = Automatic;
				DEVELOPMENT_ASSET_PATHS = "\"SwiftUIFormStyleProfile/Preview Content\"";
				DEVELOPMENT_TEAM = P6Z3US2MCA;
				ENABLE_PREVIEWS = YES;
				INFOPLIST_FILE = SwiftUIFormStyleProfile/Info.plist;
				IPHONEOS_DEPLOYMENT_TARGET = 14.0;
				LD_RUNPATH_SEARCH_PATHS = (
					"$(inherited)",
					"@executable_path/Frameworks",
				);
				PRODUCT_BUNDLE_IDENTIFIER = lspusta.SwiftUIFormStyleProfile;
				PRODUCT_NAME = "$(TARGET_NAME)";
				SWIFT_VERSION = 5.0;
				TARGETED_DEVICE_FAMILY = "1,2";
			};
			name = Debug;
		};
		BD6F6C7C24B37C8600B07662 /* Release */ = {
			isa = XCBuildConfiguration;
			buildSettings = {
				ASSETCATALOG_COMPILER_APPICON_NAME = AppIcon;
				ASSETCATALOG_COMPILER_GLOBAL_ACCENT_COLOR_NAME = AccentColor;
				CODE_SIGN_STYLE = Automatic;
				DEVELOPMENT_ASSET_PATHS = "\"SwiftUIFormStyleProfile/Preview Content\"";
				DEVELOPMENT_TEAM = P6Z3US2MCA;
				ENABLE_PREVIEWS = YES;
				INFOPLIST_FILE = SwiftUIFormStyleProfile/Info.plist;
				IPHONEOS_DEPLOYMENT_TARGET = 14.0;
				LD_RUNPATH_SEARCH_PATHS = (
					"$(inherited)",
					"@executable_path/Frameworks",
				);
				PRODUCT_BUNDLE_IDENTIFIER = lspusta.SwiftUIFormStyleProfile;
				PRODUCT_NAME = "$(TARGET_NAME)";
				SWIFT_VERSION = 5.0;
				TARGETED_DEVICE_FAMILY = "1,2";
			};
			name = Release;
		};
/* End XCBuildConfiguration section */

/* Begin XCConfigurationList section */
		BD6F6C6624B37C8500B07662 /* Build configuration list for PBXProject "SwiftUIFormStyleProfile" */ = {
			isa = XCConfigurationList;
			buildConfigurations = (
				BD6F6C7824B37C8600B07662 /* Debug */,
				BD6F6C7924B37C8600B07662 /* Release */,
			);
			defaultConfigurationIsVisible = 0;
			defaultConfigurationName = Release;
		};
		BD6F6C7A24B37C8600B07662 /* Build configuration list for PBXNativeTarget "SwiftUIFormStyleProfile" */ = {
			isa = XCConfigurationList;
			buildConfigurations = (
				BD6F6C7B24B37C8600B07662 /* Debug */,
				BD6F6C7C24B37C8600B07662 /* Release */,
			);
			defaultConfigurationIsVisible = 0;
			defaultConfigurationName = Release;
		};
/* End XCConfigurationList section */
	};
	rootObject = BD6F6C6324B37C8500B07662 /* Project object */;
}
